
Microsoft Visual Studio Solution File, Format Version 12.00
# Visual Studio Version 17
VisualStudioVersion = 17.9.34622.214
MinimumVisualStudioVersion = 10.0.40219.1
Project("{FAE04EC0-301F-11D3-BF4B-00C04F79EFBC}") = "Lab20", "Lab20\Lab20.csproj", "{7DC3BF4A-02B4-4436-8E77-C18505C99897}"
EndProject
Global
	GlobalSection(SolutionConfigurationPlatforms) = preSolution
		Debug|Any CPU = Debug|Any CPU
		Release|Any CPU = Release|Any CPU
	EndGlobalSection
	GlobalSection(ProjectConfigurationPlatforms) = postSolution
		{7DC3BF4A-02B4-4436-8E77-C18505C99897}.Debug|Any CPU.ActiveCfg = Debug|Any CPU
		{7DC3BF4A-02B4-4436-8E77-C18505C99897}.Debug|Any CPU.Build.0 = Debug|Any CPU
		{7DC3BF4A-02B4-4436-8E77-C18505C99897}.Release|Any CPU.ActiveCfg = Release|Any CPU
		{7DC3BF4A-02B4-4436-8E77-C18505C99897}.Release|Any CPU.Build.0 = Release|Any CPU
	EndGlobalSection
	GlobalSection(SolutionProperties) = preSolution
		HideSolutionNode = FALSE
	EndGlobalSection
	GlobalSection(ExtensibilityGlobals) = postSolution
		SolutionGuid = {4BD09C48-9622-4A84-B5BC-092AE56D7498}
	EndGlobalSection
EndGlobal
